Microsoft Visual Studio Solution File, Format Version 12.00
# Visual Studio 14
VisualStudioVersion = 14.0.25420.1
MinimumVisualStudioVersion = 10.0.40219.1
Project("{FAE04EC0-301F-11D3-BF4B-00C04F79EFBC}") = "DfBAdminToolkit", "DfBAdminToolkit\DfBAdminToolkit.csproj", "{EC2E5FEB-36F2-46E3-959B-CFF92360C202}"
EndProject
Project("{FAE04EC0-301F-11D3-BF4B-00C04F79EFBC}") = "DfBAdminToolkit.Common", "DfBAdminToolkit.Common\DfBAdminToolkit.Common.csproj", "{1091B7C4-F32C-4219-B04A-A25BD4D0B928}"
EndProject
Project("{FAE04EC0-301F-11D3-BF4B-00C04F79EFBC}") = "ProviderLauncher", "ProviderLauncher\ProviderLauncher.csproj", "{A2EEBF5F-C3C9-44B5-A594-1D06E305AFF9}"
EndProject
Project("{54435603-DBB4-11D2-8724-00A0C9A8B90C}") = "DBAdminToolkit.Setup", "DBAdminToolkit.Setup\DBAdminToolkit.Setup.vdproj", "{D65AFD2A-C126-4394-84C1-FCA6C74E435B}"
EndProject
Global
	GlobalSection(SolutionConfigurationPlatforms) = preSolution
		Debug|Any CPU = Debug|Any CPU
		Release|Any CPU = Release|Any CPU
	EndGlobalSection
	GlobalSection(ProjectConfigurationPlatforms) = postSolution
		{EC2E5FEB-36F2-46E3-959B-CFF92360C202}.Debug|Any CPU.ActiveCfg = Debug|Any CPU
		{EC2E5FEB-36F2-46E3-959B-CFF92360C202}.Debug|Any CPU.Build.0 = Debug|Any CPU
		{EC2E5FEB-36F2-46E3-959B-CFF92360C202}.Release|Any CPU.ActiveCfg = Release|Any CPU
		{EC2E5FEB-36F2-46E3-959B-CFF92360C202}.Release|Any CPU.Build.0 = Release|Any CPU
		{1091B7C4-F32C-4219-B04A-A25BD4D0B928}.Debug|Any CPU.ActiveCfg = Debug|Any CPU
		{1091B7C4-F32C-4219-B04A-A25BD4D0B928}.Debug|Any CPU.Build.0 = Debug|Any CPU
		{1091B7C4-F32C-4219-B04A-A25BD4D0B928}.Release|Any CPU.ActiveCfg = Release|Any CPU
		{1091B7C4-F32C-4219-B04A-A25BD4D0B928}.Release|Any CPU.Build.0 = Release|Any CPU
		{A2EEBF5F-C3C9-44B5-A594-1D06E305AFF9}.Debug|Any CPU.ActiveCfg = Debug|Any CPU
		{A2EEBF5F-C3C9-44B5-A594-1D06E305AFF9}.Debug|Any CPU.Build.0 = Debug|Any CPU
		{A2EEBF5F-C3C9-44B5-A594-1D06E305AFF9}.Release|Any CPU.ActiveCfg = Release|Any CPU
		{A2EEBF5F-C3C9-44B5-A594-1D06E305AFF9}.Release|Any CPU.Build.0 = Release|Any CPU
		{D65AFD2A-C126-4394-84C1-FCA6C74E435B}.Debug|Any CPU.ActiveCfg = Debug
		{D65AFD2A-C126-4394-84C1-FCA6C74E435B}.Debug|Any CPU.Build.0 = Debug
		{D65AFD2A-C126-4394-84C1-FCA6C74E435B}.Release|Any CPU.ActiveCfg = Release
		{D65AFD2A-C126-4394-84C1-FCA6C74E435B}.Release|Any CPU.Build.0 = Release
	EndGlobalSection
	GlobalSection(SolutionProperties) = preSolution
		HideSolutionNode = FALSE
	EndGlobalSection
EndGlobal
